
Microsoft Visual Studio Solution File, Format Version 12.00
# Visual Studio 14
VisualStudioVersion = 14.0.24720.0
MinimumVisualStudioVersion = 10.0.40219.1
Project("{FAE04EC0-301F-11D3-BF4B-00C04F79EFBC}") = "18位身份证判断性别，17位奇数为男、偶数为女", "18位身份证判断性别，17位奇数为男、偶数为女\18位身份证判断性别，17位奇数为男、偶数为女.csproj", "{CDF2C446-EF6D-4639-BB1C-2C8B53AC3A07}"
EndProject
Global
	GlobalSection(SolutionConfigurationPlatforms) = preSolution
		Debug|Any CPU = Debug|Any CPU
		Release|Any CPU = Release|Any CPU
	EndGlobalSection
	GlobalSection(ProjectConfigurationPlatforms) = postSolution
		{CDF2C446-EF6D-4639-BB1C-2C8B53AC3A07}.Debug|Any CPU.ActiveCfg = Debug|Any CPU
		{CDF2C446-EF6D-4639-BB1C-2C8B53AC3A07}.Debug|Any CPU.Build.0 = Debug|Any CPU
		{CDF2C446-EF6D-4639-BB1C-2C8B53AC3A07}.Release|Any CPU.ActiveCfg = Release|Any CPU
		{CDF2C446-EF6D-4639-BB1C-2C8B53AC3A07}.Release|Any CPU.Build.0 = Release|Any CPU
	EndGlobalSection
	GlobalSection(SolutionProperties) = preSolution
		HideSolutionNode = FALSE
	EndGlobalSection
EndGlobal
