
Microsoft Visual Studio Solution File, Format Version 12.00
# Visual Studio 14
VisualStudioVersion = 14.0.24720.0
MinimumVisualStudioVersion = 10.0.40219.1
Project("{FAE04EC0-301F-11D3-BF4B-00C04F79EFBC}") = "采用除二其余法，将十进制正整数转换为二进制字符串", "采用除二其余法，将十进制正整数转换为二进制字符串\采用除二其余法，将十进制正整数转换为二进制字符串.csproj", "{3D07F038-216E-4397-BB1F-F7BDCA2A8FE4}"
EndProject
Global
	GlobalSection(SolutionConfigurationPlatforms) = preSolution
		Debug|Any CPU = Debug|Any CPU
		Release|Any CPU = Release|Any CPU
	EndGlobalSection
	GlobalSection(ProjectConfigurationPlatforms) = postSolution
		{3D07F038-216E-4397-BB1F-F7BDCA2A8FE4}.Debug|Any CPU.ActiveCfg = Debug|Any CPU
		{3D07F038-216E-4397-BB1F-F7BDCA2A8FE4}.Debug|Any CPU.Build.0 = Debug|Any CPU
		{3D07F038-216E-4397-BB1F-F7BDCA2A8FE4}.Release|Any CPU.ActiveCfg = Release|Any CPU
		{3D07F038-216E-4397-BB1F-F7BDCA2A8FE4}.Release|Any CPU.Build.0 = Release|Any CPU
	EndGlobalSection
	GlobalSection(SolutionProperties) = preSolution
		HideSolutionNode = FALSE
	EndGlobalSection
EndGlobal
